
Microsoft Visual Studio Solution File, Format Version 12.00
# Visual Studio Version 17
VisualStudioVersion = 17.7.34031.279
MinimumVisualStudioVersion = 10.0.40219.1
Project("{9A19103F-16F7-4668-BE54-9A1E7A4F7556}") = "fedex.Api", "fedex.Api.csproj", "{D245F45E-D41D-455B-8F20-F1CEF674C648}"
EndProject
Project("{FAE04EC0-301F-11D3-BF4B-00C04F79EFBC}") = "fedex.Gui", "..\fedex.Gui\fedex.Gui.csproj", "{6877503A-59E9-4661-A176-45E351DE0E28}"
EndProject
Global
	GlobalSection(SolutionConfigurationPlatforms) = preSolution
		Debug|Any CPU = Debug|Any CPU
		Release|Any CPU = Release|Any CPU
	EndGlobalSection
	GlobalSection(ProjectConfigurationPlatforms) = postSolution
		{D245F45E-D41D-455B-8F20-F1CEF674C648}.Debug|Any CPU.ActiveCfg = Debug|Any CPU
		{D245F45E-D41D-455B-8F20-F1CEF674C648}.Debug|Any CPU.Build.0 = Debug|Any CPU
		{D245F45E-D41D-455B-8F20-F1CEF674C648}.Release|Any CPU.ActiveCfg = Release|Any CPU
		{D245F45E-D41D-455B-8F20-F1CEF674C648}.Release|Any CPU.Build.0 = Release|Any CPU
		{6877503A-59E9-4661-A176-45E351DE0E28}.Debug|Any CPU.ActiveCfg = Debug|Any CPU
		{6877503A-59E9-4661-A176-45E351DE0E28}.Debug|Any CPU.Build.0 = Debug|Any CPU
		{6877503A-59E9-4661-A176-45E351DE0E28}.Release|Any CPU.ActiveCfg = Release|Any CPU
		{6877503A-59E9-4661-A176-45E351DE0E28}.Release|Any CPU.Build.0 = Release|Any CPU
	EndGlobalSection
	GlobalSection(SolutionProperties) = preSolution
		HideSolutionNode = FALSE
	EndGlobalSection
	GlobalSection(ExtensibilityGlobals) = postSolution
		SolutionGuid = {1AD2409A-4E4A-4F52-A371-13C5CC62C7B5}
	EndGlobalSection
EndGlobal
